github.com/razonyang/hugo-theme-bootstrap v1.0.0-beta4.3 h1:q+iNJSbmR5ohPYW4RPfWXgWHbAx9xgk+pDiFCYl3nY8=
github.com/razonyang/hugo-theme-bootstrap v1.0.0-beta4.3/go.mod h1:o+IIPL/5wreiTojnN4MsQqKuxbv3fWAQnMhG9geltQo=
github.com/razonyang/hugo-theme-bootstrap v1.0.0-beta5.1 h1:o9ot/UGDKBK6uYwp+it0vQc4XhYAX0XWuOa1iEn4LDI=
github.com/razonyang/hugo-theme-bootstrap v1.0.0-beta5.1/go.mod h1:o+IIPL/5wreiTojnN4MsQqKuxbv3fWAQnMhG9geltQo=
github.com/razonyang/hugo-theme-bootstrap v1.0.0 h1:RYKYml1sy/VF5na78oa0ph0wUQutmhx5MLd8l6igYps=
github.com/razonyang/hugo-theme-bootstrap v1.0.0/go.mod h1:o+IIPL/5wreiTojnN4MsQqKuxbv3fWAQnMhG9geltQo=
